
Microsoft Visual Studio Solution File, Format Version 12.00
# Visual Studio Version 17
VisualStudioVersion = 17.14.36518.9 d17.14
MinimumVisualStudioVersion = 10.0.40219.1
Project("{FAE04EC0-301F-11D3-BF4B-00C04F79EFBC}") = "HomeTask2", "HomeTask2.csproj", "{446430F0-6A35-4FF4-898F-5FD25C2D6EDB}"
EndProject
Global
	GlobalSection(SolutionConfigurationPlatforms) = preSolution
		Debug|Any CPU = Debug|Any CPU
		Release|Any CPU = Release|Any CPU
	EndGlobalSection
	GlobalSection(ProjectConfigurationPlatforms) = postSolution
		{446430F0-6A35-4FF4-898F-5FD25C2D6EDB}.Debug|Any CPU.ActiveCfg = Debug|Any CPU
		{446430F0-6A35-4FF4-898F-5FD25C2D6EDB}.Debug|Any CPU.Build.0 = Debug|Any CPU
		{446430F0-6A35-4FF4-898F-5FD25C2D6EDB}.Release|Any CPU.ActiveCfg = Release|Any CPU
		{446430F0-6A35-4FF4-898F-5FD25C2D6EDB}.Release|Any CPU.Build.0 = Release|Any CPU
	EndGlobalSection
	GlobalSection(SolutionProperties) = preSolution
		HideSolutionNode = FALSE
	EndGlobalSection
	GlobalSection(ExtensibilityGlobals) = postSolution
		SolutionGuid = {73B12138-F304-422A-9D6A-1405FB8FFF2F}
	EndGlobalSection
EndGlobal
